// !$*UTF8*$!
{
	archiveVersion = 1;
	classes = {
	};
	objectVersion = 56;
	objects = {

/* Begin PBXBuildFile section */
		CC081C242C64D03B00ED81BB /* AAUser.swift in Sources */ = {isa = PBXBuildFile; fileRef = CC081C232C64D03B00ED81BB /* AAUser.swift */; };
		CC081C262C64D73000ED81BB /* RegisterViewController.swift in Sources */ = {isa = PBXBuildFile; fileRef = CC081C252C64D73000ED81BB /* RegisterViewController.swift */; };
		CC081C282C64D73C00ED81BB /* LoginViewController.swift in Sources */ = {isa = PBXBuildFile; fileRef = CC081C272C64D73C00ED81BB /* LoginViewController.swift */; };
		CC081C2A2C64F96700ED81BB /* Constants.swift in Sources */ = {isa = PBXBuildFile; fileRef = CC081C292C64F96700ED81BB /* Constants.swift */; };
		CC081C2C2C64FAAF00ED81BB /* BaseViewController.swift in Sources */ = {isa = PBXBuildFile; fileRef = CC081C2B2C64FAAF00ED81BB /* BaseViewController.swift */; };
		CC081C2E2C64FB9200ED81BB /* HomeViewController.swift in Sources */ = {isa = PBXBuildFile; fileRef = CC081C2D2C64FB9200ED81BB /* HomeViewController.swift */; };
		CC081C302C65061100ED81BB /* Utilities.swift in Sources */ = {isa = PBXBuildFile; fileRef = CC081C2F2C65061100ED81BB /* Utilities.swift */; };
		CC2A3D132C64B52D003A6767 /* AppDelegate.swift in Sources */ = {isa = PBXBuildFile; fileRef = CC2A3D122C64B52D003A6767 /* AppDelegate.swift */; };
		CC2A3D152C64B52D003A6767 /* SceneDelegate.swift in Sources */ = {isa = PBXBuildFile; fileRef = CC2A3D142C64B52D003A6767 /* SceneDelegate.swift */; };
		CC2A3D172C64B52D003A6767 /* AuthenticationViewController.swift in Sources */ = {isa = PBXBuildFile; fileRef = CC2A3D162C64B52D003A6767 /* AuthenticationViewController.swift */; };
		CC2A3D1A2C64B52D003A6767 /* Base in Resources */ = {isa = PBXBuildFile; fileRef = CC2A3D192C64B52D003A6767 /* Base */; };
		CC2A3D1C2C64B52F003A6767 /* Assets.xcassets in Resources */ = {isa = PBXBuildFile; fileRef = CC2A3D1B2C64B52F003A6767 /* Assets.xcassets */; };
		CC2A3D1F2C64B52F003A6767 /* Base in Resources */ = {isa = PBXBuildFile; fileRef = CC2A3D1E2C64B52F003A6767 /* Base */; };
		CC2A3D272C64BB1B003A6767 /* TabbarController.swift in Sources */ = {isa = PBXBuildFile; fileRef = CC2A3D262C64BB1B003A6767 /* TabbarController.swift */; };
		CC2A3D292C64BC2C003A6767 /* TabBarWithCorners.swift in Sources */ = {isa = PBXBuildFile; fileRef = CC2A3D282C64BC2C003A6767 /* TabBarWithCorners.swift */; };
		CC2A3D2B2C64C7A2003A6767 /* UIColorExtension.swift in Sources */ = {isa = PBXBuildFile; fileRef = CC2A3D2A2C64C7A2003A6767 /* UIColorExtension.swift */; };
		CC2A3D2E2C64CCD7003A6767 /* FirebaseAuth in Frameworks */ = {isa = PBXBuildFile; productRef = CC2A3D2D2C64CCD7003A6767 /* FirebaseAuth */; };
		CC2A3D302C64CCD7003A6767 /* FirebaseFirestore in Frameworks */ = {isa = PBXBuildFile; productRef = CC2A3D2F2C64CCD7003A6767 /* FirebaseFirestore */; };
		CC2A3D332C64CCF0003A6767 /* GoogleSignIn in Frameworks */ = {isa = PBXBuildFile; productRef = CC2A3D322C64CCF0003A6767 /* GoogleSignIn */; };
		CC2A3D352C64CCF0003A6767 /* GoogleSignInSwift in Frameworks */ = {isa = PBXBuildFile; productRef = CC2A3D342C64CCF0003A6767 /* GoogleSignInSwift */; };
		CC2A3D372C64CD06003A6767 /* FirebaseDatabase in Frameworks */ = {isa = PBXBuildFile; productRef = CC2A3D362C64CD06003A6767 /* FirebaseDatabase */; };
		CC2A3D392C64CD06003A6767 /* FirebaseStorage in Frameworks */ = {isa = PBXBuildFile; productRef = CC2A3D382C64CD06003A6767 /* FirebaseStorage */; };
		CC2A3D3B2C64CED8003A6767 /* GoogleService-Info.plist in Resources */ = {isa = PBXBuildFile; fileRef = CC2A3D3A2C64CED8003A6767 /* GoogleService-Info.plist */; };
		CC2A3D3E2C64CF96003A6767 /* AuthenticationManager.swift in Sources */ = {isa = PBXBuildFile; fileRef = CC2A3D3D2C64CF96003A6767 /* AuthenticationManager.swift */; };
		CC2A3D402C64CFAE003A6767 /* FirestoreDatabaseManager.swift in Sources */ = {isa = PBXBuildFile; fileRef = CC2A3D3F2C64CFAD003A6767 /* FirestoreDatabaseManager.swift */; };
		CC355E682C660CCA00FDE635 /* AAArticles.swift in Sources */ = {isa = PBXBuildFile; fileRef = CC355E672C660CCA00FDE635 /* AAArticles.swift */; };
		CC355E6A2C660D9400FDE635 /* AAZodiacSign.swift in Sources */ = {isa = PBXBuildFile; fileRef = CC355E692C660D9400FDE635 /* AAZodiacSign.swift */; };
		CC355E6C2C660EF600FDE635 /* AAHoroscope.swift in Sources */ = {isa = PBXBuildFile; fileRef = CC355E6B2C660EF600FDE635 /* AAHoroscope.swift */; };
		CC355E6E2C661DCA00FDE635 /* LoveViewController.swift in Sources */ = {isa = PBXBuildFile; fileRef = CC355E6D2C661DCA00FDE635 /* LoveViewController.swift */; };
		CC355E702C6629BA00FDE635 /* AAArticlePreviewCard.swift in Sources */ = {isa = PBXBuildFile; fileRef = CC355E6F2C6629BA00FDE635 /* AAArticlePreviewCard.swift */; };
		CC355E722C6629D200FDE635 /* ArticlesPreviewViewController.swift in Sources */ = {isa = PBXBuildFile; fileRef = CC355E712C6629D200FDE635 /* ArticlesPreviewViewController.swift */; };
/* End PBXBuildFile section */

/* Begin PBXFileReference section */
		CC081C232C64D03B00ED81BB /* AAUser.swift */ = {isa = PBXFileReference; lastKnownFileType = sourcecode.swift; path = AAUser.swift; sourceTree = "<group>"; };
		CC081C252C64D73000ED81BB /* RegisterViewController.swift */ = {isa = PBXFileReference; lastKnownFileType = sourcecode.swift; path = RegisterViewController.swift; sourceTree = "<group>"; };
		CC081C272C64D73C00ED81BB /* LoginViewController.swift */ = {isa = PBXFileReference; lastKnownFileType = sourcecode.swift; path = LoginViewController.swift; sourceTree = "<group>"; };
		CC081C292C64F96700ED81BB /* Constants.swift */ = {isa = PBXFileReference; lastKnownFileType = sourcecode.swift; path = Constants.swift; sourceTree = "<group>"; };
		CC081C2B2C64FAAF00ED81BB /* BaseViewController.swift */ = {isa = PBXFileReference; lastKnownFileType = sourcecode.swift; path = BaseViewController.swift; sourceTree = "<group>"; };
		CC081C2D2C64FB9200ED81BB /* HomeViewController.swift */ = {isa = PBXFileReference; lastKnownFileType = sourcecode.swift; path = HomeViewController.swift; sourceTree = "<group>"; };
		CC081C2F2C65061100ED81BB /* Utilities.swift */ = {isa = PBXFileReference; fileEncoding = 4; lastKnownFileType = sourcecode.swift; path = Utilities.swift; sourceTree = "<group>"; };
		CC2A3D0F2C64B52D003A6767 /* astroapp.app */ = {isa = PBXFileReference; explicitFileType = wrapper.application; includeInIndex = 0; path = astroapp.app; sourceTree = BUILT_PRODUCTS_DIR; };
		CC2A3D122C64B52D003A6767 /* AppDelegate.swift */ = {isa = PBXFileReference; lastKnownFileType = sourcecode.swift; path = AppDelegate.swift; sourceTree = "<group>"; };
		CC2A3D142C64B52D003A6767 /* SceneDelegate.swift */ = {isa = PBXFileReference; lastKnownFileType = sourcecode.swift; path = SceneDelegate.swift; sourceTree = "<group>"; };
		CC2A3D162C64B52D003A6767 /* AuthenticationViewController.swift */ = {isa = PBXFileReference; lastKnownFileType = sourcecode.swift; path = AuthenticationViewController.swift; sourceTree = "<group>"; };
		CC2A3D192C64B52D003A6767 /* Base */ = {isa = PBXFileReference; lastKnownFileType = file.storyboard; name = Base; path = Base.lproj/Main.storyboard; sourceTree = "<group>"; };
		CC2A3D1B2C64B52F003A6767 /* Assets.xcassets */ = {isa = PBXFileReference; lastKnownFileType = folder.assetcatalog; path = Assets.xcassets; sourceTree = "<group>"; };
		CC2A3D1E2C64B52F003A6767 /* Base */ = {isa = PBXFileReference; lastKnownFileType = file.storyboard; name = Base; path = Base.lproj/LaunchScreen.storyboard; sourceTree = "<group>"; };
		CC2A3D202C64B52F003A6767 /* Info.plist */ = {isa = PBXFileReference; lastKnownFileType = text.plist.xml; path = Info.plist; sourceTree = "<group>"; };
		CC2A3D262C64BB1B003A6767 /* TabbarController.swift */ = {isa = PBXFileReference; lastKnownFileType = sourcecode.swift; path = TabbarController.swift; sourceTree = "<group>"; };
		CC2A3D282C64BC2C003A6767 /* TabBarWithCorners.swift */ = {isa = PBXFileReference; lastKnownFileType = sourcecode.swift; path = TabBarWithCorners.swift; sourceTree = "<group>"; };
		CC2A3D2A2C64C7A2003A6767 /* UIColorExtension.swift */ = {isa = PBXFileReference; lastKnownFileType = sourcecode.swift; path = UIColorExtension.swift; sourceTree = "<group>"; };
		CC2A3D3A2C64CED8003A6767 /* GoogleService-Info.plist */ = {isa = PBXFileReference; fileEncoding = 4; lastKnownFileType = text.plist.xml; path = "GoogleService-Info.plist"; sourceTree = "<group>"; };
		CC2A3D3C2C64CF22003A6767 /* astroapp.entitlements */ = {isa = PBXFileReference; lastKnownFileType = text.plist.entitlements; path = astroapp.entitlements; sourceTree = "<group>"; };
		CC2A3D3D2C64CF96003A6767 /* AuthenticationManager.swift */ = {isa = PBXFileReference; fileEncoding = 4; lastKnownFileType = sourcecode.swift; path = AuthenticationManager.swift; sourceTree = "<group>"; };
		CC2A3D3F2C64CFAD003A6767 /* FirestoreDatabaseManager.swift */ = {isa = PBXFileReference; fileEncoding = 4; lastKnownFileType = sourcecode.swift; path = FirestoreDatabaseManager.swift; sourceTree = "<group>"; };
		CC355E672C660CCA00FDE635 /* AAArticles.swift */ = {isa = PBXFileReference; lastKnownFileType = sourcecode.swift; path = AAArticles.swift; sourceTree = "<group>"; };
		CC355E692C660D9400FDE635 /* AAZodiacSign.swift */ = {isa = PBXFileReference; lastKnownFileType = sourcecode.swift; path = AAZodiacSign.swift; sourceTree = "<group>"; };
		CC355E6B2C660EF600FDE635 /* AAHoroscope.swift */ = {isa = PBXFileReference; lastKnownFileType = sourcecode.swift; path = AAHoroscope.swift; sourceTree = "<group>"; };
		CC355E6D2C661DCA00FDE635 /* LoveViewController.swift */ = {isa = PBXFileReference; lastKnownFileType = sourcecode.swift; path = LoveViewController.swift; sourceTree = "<group>"; };
		CC355E6F2C6629BA00FDE635 /* AAArticlePreviewCard.swift */ = {isa = PBXFileReference; lastKnownFileType = sourcecode.swift; path = AAArticlePreviewCard.swift; sourceTree = "<group>"; };
		CC355E712C6629D200FDE635 /* ArticlesPreviewViewController.swift */ = {isa = PBXFileReference; lastKnownFileType = sourcecode.swift; path = ArticlesPreviewViewController.swift; sourceTree = "<group>"; };
/* End PBXFileReference section */

/* Begin PBXFrameworksBuildPhase section */
		CC2A3D0C2C64B52D003A6767 /* Frameworks */ = {
			isa = PBXFrameworksBuildPhase;
			buildActionMask = 2147483647;
			files = (
				CC2A3D372C64CD06003A6767 /* FirebaseDatabase in Frameworks */,
				CC2A3D2E2C64CCD7003A6767 /* FirebaseAuth in Frameworks */,
				CC2A3D302C64CCD7003A6767 /* FirebaseFirestore in Frameworks */,
				CC2A3D332C64CCF0003A6767 /* GoogleSignIn in Frameworks */,
				CC2A3D352C64CCF0003A6767 /* GoogleSignInSwift in Frameworks */,
				CC2A3D392C64CD06003A6767 /* FirebaseStorage in Frameworks */,
			);
			runOnlyForDeploymentPostprocessing = 0;
		};
/* End PBXFrameworksBuildPhase section */

/* Begin PBXGroup section */
		CC081C312C650D1900ED81BB /* Helpers */ = {
			isa = PBXGroup;
			children = (
				CC081C292C64F96700ED81BB /* Constants.swift */,
				CC081C2F2C65061100ED81BB /* Utilities.swift */,
				CC081C332C650D3000ED81BB /* Extensions */,
			);
			path = Helpers;
			sourceTree = "<group>";
		};
		CC081C322C650D2100ED81BB /* Model */ = {
			isa = PBXGroup;
			children = (
				CC081C232C64D03B00ED81BB /* AAUser.swift */,
				CC355E672C660CCA00FDE635 /* AAArticles.swift */,
				CC355E692C660D9400FDE635 /* AAZodiacSign.swift */,
				CC355E6B2C660EF600FDE635 /* AAHoroscope.swift */,
			);
			path = Model;
			sourceTree = "<group>";
		};
		CC081C332C650D3000ED81BB /* Extensions */ = {
			isa = PBXGroup;
			children = (
				CC2A3D2A2C64C7A2003A6767 /* UIColorExtension.swift */,
			);
			path = Extensions;
			sourceTree = "<group>";
		};
		CC081C342C650D4100ED81BB /* Support */ = {
			isa = PBXGroup;
			children = (
				CC2A3D3A2C64CED8003A6767 /* GoogleService-Info.plist */,
				CC2A3D122C64B52D003A6767 /* AppDelegate.swift */,
				CC2A3D142C64B52D003A6767 /* SceneDelegate.swift */,
				CC2A3D1B2C64B52F003A6767 /* Assets.xcassets */,
			);
			path = Support;
			sourceTree = "<group>";
		};
		CC081C352C650D4D00ED81BB /* ViewControllers */ = {
			isa = PBXGroup;
			children = (
				CC081C392C650DA300ED81BB /* Authentication */,
				CC2A3D262C64BB1B003A6767 /* TabbarController.swift */,
				CC081C2B2C64FAAF00ED81BB /* BaseViewController.swift */,
				CC081C2D2C64FB9200ED81BB /* HomeViewController.swift */,
				CC355E6D2C661DCA00FDE635 /* LoveViewController.swift */,
				CC355E712C6629D200FDE635 /* ArticlesPreviewViewController.swift */,
			);
			path = ViewControllers;
			sourceTree = "<group>";
		};
		CC081C362C650D5C00ED81BB /* Storyboards */ = {
			isa = PBXGroup;
			children = (
				CC2A3D1D2C64B52F003A6767 /* LaunchScreen.storyboard */,
				CC2A3D182C64B52D003A6767 /* Main.storyboard */,
			);
			path = Storyboards;
			sourceTree = "<group>";
		};
		CC081C372C650D7300ED81BB /* Views */ = {
			isa = PBXGroup;
			children = (
				CC2A3D282C64BC2C003A6767 /* TabBarWithCorners.swift */,
				CC355E6F2C6629BA00FDE635 /* AAArticlePreviewCard.swift */,
			);
			path = Views;
			sourceTree = "<group>";
		};
		CC081C382C650D7C00ED81BB /* Managers */ = {
			isa = PBXGroup;
			children = (
				CC2A3D3D2C64CF96003A6767 /* AuthenticationManager.swift */,
				CC2A3D3F2C64CFAD003A6767 /* FirestoreDatabaseManager.swift */,
			);
			path = Managers;
			sourceTree = "<group>";
		};
		CC081C392C650DA300ED81BB /* Authentication */ = {
			isa = PBXGroup;
			children = (
				CC081C272C64D73C00ED81BB /* LoginViewController.swift */,
				CC081C252C64D73000ED81BB /* RegisterViewController.swift */,
				CC2A3D162C64B52D003A6767 /* AuthenticationViewController.swift */,
			);
			path = Authentication;
			sourceTree = "<group>";
		};
		CC2A3D062C64B52D003A6767 = {
			isa = PBXGroup;
			children = (
				CC2A3D112C64B52D003A6767 /* astroapp */,
				CC2A3D102C64B52D003A6767 /* Products */,
			);
			sourceTree = "<group>";
		};
		CC2A3D102C64B52D003A6767 /* Products */ = {
			isa = PBXGroup;
			children = (
				CC2A3D0F2C64B52D003A6767 /* astroapp.app */,
			);
			name = Products;
			sourceTree = "<group>";
		};
		CC2A3D112C64B52D003A6767 /* astroapp */ = {
			isa = PBXGroup;
			children = (
				CC2A3D3C2C64CF22003A6767 /* astroapp.entitlements */,
				CC2A3D202C64B52F003A6767 /* Info.plist */,
				CC081C382C650D7C00ED81BB /* Managers */,
				CC081C372C650D7300ED81BB /* Views */,
				CC081C362C650D5C00ED81BB /* Storyboards */,
				CC081C352C650D4D00ED81BB /* ViewControllers */,
				CC081C342C650D4100ED81BB /* Support */,
				CC081C322C650D2100ED81BB /* Model */,
				CC081C312C650D1900ED81BB /* Helpers */,
			);
			path = astroapp;
			sourceTree = "<group>";
		};
/* End PBXGroup section */

/* Begin PBXNativeTarget section */
		CC2A3D0E2C64B52D003A6767 /* astroapp */ = {
			isa = PBXNativeTarget;
			buildConfigurationList = CC2A3D232C64B52F003A6767 /* Build configuration list for PBXNativeTarget "astroapp" */;
			buildPhases = (
				CC2A3D0B2C64B52D003A6767 /* Sources */,
				CC2A3D0C2C64B52D003A6767 /* Frameworks */,
				CC2A3D0D2C64B52D003A6767 /* Resources */,
			);
			buildRules = (
			);
			dependencies = (
			);
			name = astroapp;
			packageProductDependencies = (
				CC2A3D2D2C64CCD7003A6767 /* FirebaseAuth */,
				CC2A3D2F2C64CCD7003A6767 /* FirebaseFirestore */,
				CC2A3D322C64CCF0003A6767 /* GoogleSignIn */,
				CC2A3D342C64CCF0003A6767 /* GoogleSignInSwift */,
				CC2A3D362C64CD06003A6767 /* FirebaseDatabase */,
				CC2A3D382C64CD06003A6767 /* FirebaseStorage */,
			);
			productName = astroapp;
			productReference = CC2A3D0F2C64B52D003A6767 /* astroapp.app */;
			productType = "com.apple.product-type.application";
		};
/* End PBXNativeTarget section */

/* Begin PBXProject section */
		CC2A3D072C64B52D003A6767 /* Project object */ = {
			isa = PBXProject;
			attributes = {
				BuildIndependentTargetsInParallel = 1;
				LastSwiftUpdateCheck = 1540;
				LastUpgradeCheck = 1540;
				TargetAttributes = {
					CC2A3D0E2C64B52D003A6767 = {
						CreatedOnToolsVersion = 15.4;
					};
				};
			};
			buildConfigurationList = CC2A3D0A2C64B52D003A6767 /* Build configuration list for PBXProject "astroapp" */;
			compatibilityVersion = "Xcode 14.0";
			developmentRegion = en;
			hasScannedForEncodings = 0;
			knownRegions = (
				en,
				Base,
			);
			mainGroup = CC2A3D062C64B52D003A6767;
			packageReferences = (
				CC2A3D2C2C64CCD7003A6767 /* XCRemoteSwiftPackageReference "firebase-ios-sdk" */,
				CC2A3D312C64CCF0003A6767 /* XCRemoteSwiftPackageReference "GoogleSignIn-iOS" */,
			);
			productRefGroup = CC2A3D102C64B52D003A6767 /* Products */;
			projectDirPath = "";
			projectRoot = "";
			targets = (
				CC2A3D0E2C64B52D003A6767 /* astroapp */,
			);
		};
/* End PBXProject section */

/* Begin PBXResourcesBuildPhase section */
		CC2A3D0D2C64B52D003A6767 /* Resources */ = {
			isa = PBXResourcesBuildPhase;
			buildActionMask = 2147483647;
			files = (
				CC2A3D1C2C64B52F003A6767 /* Assets.xcassets in Resources */,
				CC2A3D3B2C64CED8003A6767 /* GoogleService-Info.plist in Resources */,
				CC2A3D1F2C64B52F003A6767 /* Base in Resources */,
				CC2A3D1A2C64B52D003A6767 /* Base in Resources */,
			);
			runOnlyForDeploymentPostprocessing = 0;
		};
/* End PBXResourcesBuildPhase section */

/* Begin PBXSourcesBuildPhase section */
		CC2A3D0B2C64B52D003A6767 /* Sources */ = {
			isa = PBXSourcesBuildPhase;
			buildActionMask = 2147483647;
			files = (
				CC081C2C2C64FAAF00ED81BB /* BaseViewController.swift in Sources */,
				CC2A3D172C64B52D003A6767 /* AuthenticationViewController.swift in Sources */,
				CC081C262C64D73000ED81BB /* RegisterViewController.swift in Sources */,
				CC355E702C6629BA00FDE635 /* AAArticlePreviewCard.swift in Sources */,
				CC081C302C65061100ED81BB /* Utilities.swift in Sources */,
				CC355E682C660CCA00FDE635 /* AAArticles.swift in Sources */,
				CC2A3D292C64BC2C003A6767 /* TabBarWithCorners.swift in Sources */,
				CC2A3D3E2C64CF96003A6767 /* AuthenticationManager.swift in Sources */,
				CC081C2E2C64FB9200ED81BB /* HomeViewController.swift in Sources */,
				CC2A3D272C64BB1B003A6767 /* TabbarController.swift in Sources */,
				CC081C242C64D03B00ED81BB /* AAUser.swift in Sources */,
				CC355E6E2C661DCA00FDE635 /* LoveViewController.swift in Sources */,
				CC355E6C2C660EF600FDE635 /* AAHoroscope.swift in Sources */,
				CC2A3D402C64CFAE003A6767 /* FirestoreDatabaseManager.swift in Sources */,
				CC2A3D132C64B52D003A6767 /* AppDelegate.swift in Sources */,
				CC2A3D152C64B52D003A6767 /* SceneDelegate.swift in Sources */,
				CC355E722C6629D200FDE635 /* ArticlesPreviewViewController.swift in Sources */,
				CC2A3D2B2C64C7A2003A6767 /* UIColorExtension.swift in Sources */,
				CC081C282C64D73C00ED81BB /* LoginViewController.swift in Sources */,
				CC081C2A2C64F96700ED81BB /* Constants.swift in Sources */,
				CC355E6A2C660D9400FDE635 /* AAZodiacSign.swift in Sources */,
			);
			runOnlyForDeploymentPostprocessing = 0;
		};
/* End PBXSourcesBuildPhase section */

/* Begin PBXVariantGroup section */
		CC2A3D182C64B52D003A6767 /* Main.storyboard */ = {
			isa = PBXVariantGroup;
			children = (
				CC2A3D192C64B52D003A6767 /* Base */,
			);
			name = Main.storyboard;
			sourceTree = "<group>";
		};
		CC2A3D1D2C64B52F003A6767 /* LaunchScreen.storyboard */ = {
			isa = PBXVariantGroup;
			children = (
				CC2A3D1E2C64B52F003A6767 /* Base */,
			);
			name = LaunchScreen.storyboard;
			sourceTree = "<group>";
		};
/* End PBXVariantGroup section */

/* Begin XCBuildConfiguration section */
		CC2A3D212C64B52F003A6767 /* Debug */ = {
			isa = XCBuildConfiguration;
			buildSettings = {
				ALWAYS_SEARCH_USER_PATHS = NO;
				ASSETCATALOG_COMPILER_GENERATE_SWIFT_ASSET_SYMBOL_EXTENSIONS = YES;
				CLANG_ANALYZER_NONNULL = YES;
				CLANG_ANALYZER_NUMBER_OBJECT_CONVERSION = YES_AGGRESSIVE;
				CLANG_CXX_LANGUAGE_STANDARD = "gnu++20";
				CLANG_ENABLE_MODULES = YES;
				CLANG_ENABLE_OBJC_ARC = YES;
				CLANG_ENABLE_OBJC_WEAK = YES;
				CLANG_WARN_BLOCK_CAPTURE_AUTORELEASING = YES;
				CLANG_WARN_BOOL_CONVERSION = YES;
				CLANG_WARN_COMMA = YES;
				CLANG_WARN_CONSTANT_CONVERSION = YES;
				CLANG_WARN_DEPRECATED_OBJC_IMPLEMENTATIONS = YES;
				CLANG_WARN_DIRECT_OBJC_ISA_USAGE = YES_ERROR;
				CLANG_WARN_DOCUMENTATION_COMMENTS = YES;
				CLANG_WARN_EMPTY_BODY = YES;
				CLANG_WARN_ENUM_CONVERSION = YES;
				CLANG_WARN_INFINITE_RECURSION = YES;
				CLANG_WARN_INT_CONVERSION = YES;
				CLANG_WARN_NON_LITERAL_NULL_CONVERSION = YES;
				CLANG_WARN_OBJC_IMPLICIT_RETAIN_SELF = YES;
				CLANG_WARN_OBJC_LITERAL_CONVERSION = YES;
				CLANG_WARN_OBJC_ROOT_CLASS = YES_ERROR;
				CLANG_WARN_QUOTED_INCLUDE_IN_FRAMEWORK_HEADER = YES;
				CLANG_WARN_RANGE_LOOP_ANALYSIS = YES;
				CLANG_WARN_STRICT_PROTOTYPES = YES;
				CLANG_WARN_SUSPICIOUS_MOVE = YES;
				CLANG_WARN_UNGUARDED_AVAILABILITY = YES_AGGRESSIVE;
				CLANG_WARN_UNREACHABLE_CODE = YES;
				CLANG_WARN__DUPLICATE_METHOD_MATCH = YES;
				COPY_PHASE_STRIP = NO;
				DEBUG_INFORMATION_FORMAT = dwarf;
				ENABLE_STRICT_OBJC_MSGSEND = YES;
				ENABLE_TESTABILITY = YES;
				ENABLE_USER_SCRIPT_SANDBOXING = YES;
				GCC_C_LANGUAGE_STANDARD = gnu17;
				GCC_DYNAMIC_NO_PIC = NO;
				GCC_NO_COMMON_BLOCKS = YES;
				GCC_OPTIMIZATION_LEVEL = 0;
				GCC_PREPROCESSOR_DEFINITIONS = (
					"DEBUG=1",
					"$(inherited)",
				);
				GCC_WARN_64_TO_32_BIT_CONVERSION = YES;
				GCC_WARN_ABOUT_RETURN_TYPE = YES_ERROR;
				GCC_WARN_UNDECLARED_SELECTOR = YES;
				GCC_WARN_UNINITIALIZED_AUTOS = YES_AGGRESSIVE;
				GCC_WARN_UNUSED_FUNCTION = YES;
				GCC_WARN_UNUSED_VARIABLE = YES;
				IPHONEOS_DEPLOYMENT_TARGET = 17.5;
				LOCALIZATION_PREFERS_STRING_CATALOGS = YES;
				MTL_ENABLE_DEBUG_INFO = INCLUDE_SOURCE;
				MTL_FAST_MATH = YES;
				ONLY_ACTIVE_ARCH = YES;
				SDKROOT = iphoneos;
				SWIFT_ACTIVE_COMPILATION_CONDITIONS = "DEBUG $(inherited)";
				SWIFT_OPTIMIZATION_LEVEL = "-Onone";
			};
			name = Debug;
		};
		CC2A3D222C64B52F003A6767 /* Release */ = {
			isa = XCBuildConfiguration;
			buildSettings = {
				ALWAYS_SEARCH_USER_PATHS = NO;
				ASSETCATALOG_COMPILER_GENERATE_SWIFT_ASSET_SYMBOL_EXTENSIONS = YES;
				CLANG_ANALYZER_NONNULL = YES;
				CLANG_ANALYZER_NUMBER_OBJECT_CONVERSION = YES_AGGRESSIVE;
				CLANG_CXX_LANGUAGE_STANDARD = "gnu++20";
				CLANG_ENABLE_MODULES = YES;
				CLANG_ENABLE_OBJC_ARC = YES;
				CLANG_ENABLE_OBJC_WEAK = YES;
				CLANG_WARN_BLOCK_CAPTURE_AUTORELEASING = YES;
				CLANG_WARN_BOOL_CONVERSION = YES;
				CLANG_WARN_COMMA = YES;
				CLANG_WARN_CONSTANT_CONVERSION = YES;
				CLANG_WARN_DEPRECATED_OBJC_IMPLEMENTATIONS = YES;
				CLANG_WARN_DIRECT_OBJC_ISA_USAGE = YES_ERROR;
				CLANG_WARN_DOCUMENTATION_COMMENTS = YES;
				CLANG_WARN_EMPTY_BODY = YES;
				CLANG_WARN_ENUM_CONVERSION = YES;
				CLANG_WARN_INFINITE_RECURSION = YES;
				CLANG_WARN_INT_CONVERSION = YES;
				CLANG_WARN_NON_LITERAL_NULL_CONVERSION = YES;
				CLANG_WARN_OBJC_IMPLICIT_RETAIN_SELF = YES;
				CLANG_WARN_OBJC_LITERAL_CONVERSION = YES;
				CLANG_WARN_OBJC_ROOT_CLASS = YES_ERROR;
				CLANG_WARN_QUOTED_INCLUDE_IN_FRAMEWORK_HEADER = YES;
				CLANG_WARN_RANGE_LOOP_ANALYSIS = YES;
				CLANG_WARN_STRICT_PROTOTYPES = YES;
				CLANG_WARN_SUSPICIOUS_MOVE = YES;
				CLANG_WARN_UNGUARDED_AVAILABILITY = YES_AGGRESSIVE;
				CLANG_WARN_UNREACHABLE_CODE = YES;
				CLANG_WARN__DUPLICATE_METHOD_MATCH = YES;
				COPY_PHASE_STRIP = NO;
				DEBUG_INFORMATION_FORMAT = "dwarf-with-dsym";
				ENABLE_NS_ASSERTIONS = NO;
				ENABLE_STRICT_OBJC_MSGSEND = YES;
				ENABLE_USER_SCRIPT_SANDBOXING = YES;
				GCC_C_LANGUAGE_STANDARD = gnu17;
				GCC_NO_COMMON_BLOCKS = YES;
				GCC_WARN_64_TO_32_BIT_CONVERSION = YES;
				GCC_WARN_ABOUT_RETURN_TYPE = YES_ERROR;
				GCC_WARN_UNDECLARED_SELECTOR = YES;
				GCC_WARN_UNINITIALIZED_AUTOS = YES_AGGRESSIVE;
				GCC_WARN_UNUSED_FUNCTION = YES;
				GCC_WARN_UNUSED_VARIABLE = YES;
				IPHONEOS_DEPLOYMENT_TARGET = 17.5;
				LOCALIZATION_PREFERS_STRING_CATALOGS = YES;
				MTL_ENABLE_DEBUG_INFO = NO;
				MTL_FAST_MATH = YES;
				SDKROOT = iphoneos;
				SWIFT_COMPILATION_MODE = wholemodule;
				VALIDATE_PRODUCT = YES;
			};
			name = Release;
		};
		CC2A3D242C64B52F003A6767 /* Debug */ = {
			isa = XCBuildConfiguration;
			buildSettings = {
				ASSETCATALOG_COMPILER_APPICON_NAME = AppIcon;
				ASSETCATALOG_COMPILER_GLOBAL_ACCENT_COLOR_NAME = AccentColor;
				CODE_SIGN_ENTITLEMENTS = astroapp/astroapp.entitlements;
				CODE_SIGN_STYLE = Automatic;
				CURRENT_PROJECT_VERSION = 1;
				DEVELOPMENT_TEAM = 792SAN8W5Y;
				GENERATE_INFOPLIST_FILE = YES;
				INFOPLIST_FILE = astroapp/Info.plist;
				INFOPLIST_KEY_UIApplicationSupportsIndirectInputEvents = YES;
				INFOPLIST_KEY_UILaunchStoryboardName = LaunchScreen;
				INFOPLIST_KEY_UIMainStoryboardFile = Main;
				INFOPLIST_KEY_UISupportedInterfaceOrientations = UIInterfaceOrientationPortrait;
				IPHONEOS_DEPLOYMENT_TARGET = 14.0;
				LD_RUNPATH_SEARCH_PATHS = (
					"$(inherited)",
					"@executable_path/Frameworks",
				);
				MARKETING_VERSION = 1.0;
				PRODUCT_BUNDLE_IDENTIFIER = com.krishmittal.astroapp;
				PRODUCT_NAME = "$(TARGET_NAME)";
				SWIFT_EMIT_LOC_STRINGS = YES;
				SWIFT_VERSION = 5.0;
				TARGETED_DEVICE_FAMILY = "1,2";
			};
			name = Debug;
		};
		CC2A3D252C64B52F003A6767 /* Release */ = {
			isa = XCBuildConfiguration;
			buildSettings = {
				ASSETCATALOG_COMPILER_APPICON_NAME = AppIcon;
				ASSETCATALOG_COMPILER_GLOBAL_ACCENT_COLOR_NAME = AccentColor;
				CODE_SIGN_ENTITLEMENTS = astroapp/astroapp.entitlements;
				CODE_SIGN_STYLE = Automatic;
				CURRENT_PROJECT_VERSION = 1;
				DEVELOPMENT_TEAM = 792SAN8W5Y;
				GENERATE_INFOPLIST_FILE = YES;
				INFOPLIST_FILE = astroapp/Info.plist;
				INFOPLIST_KEY_UIApplicationSupportsIndirectInputEvents = YES;
				INFOPLIST_KEY_UILaunchStoryboardName = LaunchScreen;
				INFOPLIST_KEY_UIMainStoryboardFile = Main;
				INFOPLIST_KEY_UISupportedInterfaceOrientations = UIInterfaceOrientationPortrait;
				IPHONEOS_DEPLOYMENT_TARGET = 14.0;
				LD_RUNPATH_SEARCH_PATHS = (
					"$(inherited)",
					"@executable_path/Frameworks",
				);
				MARKETING_VERSION = 1.0;
				PRODUCT_BUNDLE_IDENTIFIER = com.krishmittal.astroapp;
				PRODUCT_NAME = "$(TARGET_NAME)";
				SWIFT_EMIT_LOC_STRINGS = YES;
				SWIFT_VERSION = 5.0;
				TARGETED_DEVICE_FAMILY = "1,2";
			};
			name = Release;
		};
/* End XCBuildConfiguration section */

/* Begin XCConfigurationList section */
		CC2A3D0A2C64B52D003A6767 /* Build configuration list for PBXProject "astroapp" */ = {
			isa = XCConfigurationList;
			buildConfigurations = (
				CC2A3D212C64B52F003A6767 /* Debug */,
				CC2A3D222C64B52F003A6767 /* Release */,
			);
			defaultConfigurationIsVisible = 0;
			defaultConfigurationName = Release;
		};
		CC2A3D232C64B52F003A6767 /* Build configuration list for PBXNativeTarget "astroapp" */ = {
			isa = XCConfigurationList;
			buildConfigurations = (
				CC2A3D242C64B52F003A6767 /* Debug */,
				CC2A3D252C64B52F003A6767 /* Release */,
			);
			defaultConfigurationIsVisible = 0;
			defaultConfigurationName = Release;
		};
/* End XCConfigurationList section */

/* Begin XCRemoteSwiftPackageReference section */
		CC2A3D2C2C64CCD7003A6767 /* XCRemoteSwiftPackageReference "firebase-ios-sdk" */ = {
			isa = XCRemoteSwiftPackageReference;
			repositoryURL = "https://github.com/firebase/firebase-ios-sdk.git";
			requirement = {
				kind = upToNextMajorVersion;
				minimumVersion = 11.0.0;
			};
		};
		CC2A3D312C64CCF0003A6767 /* XCRemoteSwiftPackageReference "GoogleSignIn-iOS" */ = {
			isa = XCRemoteSwiftPackageReference;
			repositoryURL = "https://github.com/google/GoogleSignIn-iOS.git";
			requirement = {
				kind = upToNextMajorVersion;
				minimumVersion = 7.1.0;
			};
		};
/* End XCRemoteSwiftPackageReference section */

/* Begin XCSwiftPackageProductDependency section */
		CC2A3D2D2C64CCD7003A6767 /* FirebaseAuth */ = {
			isa = XCSwiftPackageProductDependency;
			package = CC2A3D2C2C64CCD7003A6767 /* XCRemoteSwiftPackageReference "firebase-ios-sdk" */;
			productName = FirebaseAuth;
		};
		CC2A3D2F2C64CCD7003A6767 /* FirebaseFirestore */ = {
			isa = XCSwiftPackageProductDependency;
			package = CC2A3D2C2C64CCD7003A6767 /* XCRemoteSwiftPackageReference "firebase-ios-sdk" */;
			productName = FirebaseFirestore;
		};
		CC2A3D322C64CCF0003A6767 /* GoogleSignIn */ = {
			isa = XCSwiftPackageProductDependency;
			package = CC2A3D312C64CCF0003A6767 /* XCRemoteSwiftPackageReference "GoogleSignIn-iOS" */;
			productName = GoogleSignIn;
		};
		CC2A3D342C64CCF0003A6767 /* GoogleSignInSwift */ = {
			isa = XCSwiftPackageProductDependency;
			package = CC2A3D312C64CCF0003A6767 /* XCRemoteSwiftPackageReference "GoogleSignIn-iOS" */;
			productName = GoogleSignInSwift;
		};
		CC2A3D362C64CD06003A6767 /* FirebaseDatabase */ = {
			isa = XCSwiftPackageProductDependency;
			package = CC2A3D2C2C64CCD7003A6767 /* XCRemoteSwiftPackageReference "firebase-ios-sdk" */;
			productName = FirebaseDatabase;
		};
		CC2A3D382C64CD06003A6767 /* FirebaseStorage */ = {
			isa = XCSwiftPackageProductDependency;
			package = CC2A3D2C2C64CCD7003A6767 /* XCRemoteSwiftPackageReference "firebase-ios-sdk" */;
			productName = FirebaseStorage;
		};
/* End XCSwiftPackageProductDependency section */
	};
	rootObject = CC2A3D072C64B52D003A6767 /* Project object */;
}
